
Microsoft Visual Studio Solution File, Format Version 12.00
# Visual Studio Version 16
VisualStudioVersion = 16.0.30621.155
MinimumVisualStudioVersion = 10.0.40219.1
Project("{FAE04EC0-301F-11D3-BF4B-00C04F79EFBC}") = "09InterfaceAssignment2", "09InterfaceAssignment2.csproj", "{B5D299AD-0952-4EAB-81B0-2AF2E71D14A5}"
EndProject
Global
	GlobalSection(SolutionConfigurationPlatforms) = preSolution
		Debug|Any CPU = Debug|Any CPU
		Release|Any CPU = Release|Any CPU
	EndGlobalSection
	GlobalSection(ProjectConfigurationPlatforms) = postSolution
		{B5D299AD-0952-4EAB-81B0-2AF2E71D14A5}.Debug|Any CPU.ActiveCfg = Debug|Any CPU
		{B5D299AD-0952-4EAB-81B0-2AF2E71D14A5}.Debug|Any CPU.Build.0 = Debug|Any CPU
		{B5D299AD-0952-4EAB-81B0-2AF2E71D14A5}.Release|Any CPU.ActiveCfg = Release|Any CPU
		{B5D299AD-0952-4EAB-81B0-2AF2E71D14A5}.Release|Any CPU.Build.0 = Release|Any CPU
	EndGlobalSection
	GlobalSection(SolutionProperties) = preSolution
		HideSolutionNode = FALSE
	EndGlobalSection
	GlobalSection(ExtensibilityGlobals) = postSolution
		SolutionGuid = {01611643-186A-45D7-BBFF-32D951BD7FEB}
	EndGlobalSection
EndGlobal
